// !$*UTF8*$!
{
	archiveVersion = 1;
	classes = {
	};
	objectVersion = 46;
	objects = {

/* Begin PBXBuildFile section */
		964D6CEF1A96BDE70062E352 /* RemarkableSDK.framework in Frameworks */ = {isa = PBXBuildFile; fileRef = 964D6CEE1A96BDE70062E352 /* RemarkableSDK.framework */; };
		964D6CF11A96C32D0062E352 /* RemarkableSDK.framework in CopyFiles */ = {isa = PBXBuildFile; fileRef = 964D6CEE1A96BDE70062E352 /* RemarkableSDK.framework */; settings = {ATTRIBUTES = (CodeSignOnCopy, RemoveHeadersOnCopy, ); }; };
		96F3DB081A7BAB7B00BE2BE7 /* main.m in Sources */ = {isa = PBXBuildFile; fileRef = 96F3DB071A7BAB7B00BE2BE7 /* main.m */; };
		96F3DB0B1A7BAB7B00BE2BE7 /* AppDelegate.m in Sources */ = {isa = PBXBuildFile; fileRef = 96F3DB0A1A7BAB7B00BE2BE7 /* AppDelegate.m */; };
		96F3DB0E1A7BAB7B00BE2BE7 /* ViewController.m in Sources */ = {isa = PBXBuildFile; fileRef = 96F3DB0D1A7BAB7B00BE2BE7 /* ViewController.m */; };
		96F3DB111A7BAB7B00BE2BE7 /* Main.storyboard in Resources */ = {isa = PBXBuildFile; fileRef = 96F3DB0F1A7BAB7B00BE2BE7 /* Main.storyboard */; };
		96F3DB131A7BAB7B00BE2BE7 /* Images.xcassets in Resources */ = {isa = PBXBuildFile; fileRef = 96F3DB121A7BAB7B00BE2BE7 /* Images.xcassets */; };
		96F3DB161A7BAB7B00BE2BE7 /* LaunchScreen.xib in Resources */ = {isa = PBXBuildFile; fileRef = 96F3DB141A7BAB7B00BE2BE7 /* LaunchScreen.xib */; };
		96F3DB221A7BAB7B00BE2BE7 /* RemarkableTestTests.m in Sources */ = {isa = PBXBuildFile; fileRef = 96F3DB211A7BAB7B00BE2BE7 /* RemarkableTestTests.m */; };
		96F3DB381A7BD7F200BE2BE7 /* UIKit.framework in Frameworks */ = {isa = PBXBuildFile; fileRef = 96F3DB371A7BD7F200BE2BE7 /* UIKit.framework */; };
		96F3DB3A1A7BD7F700BE2BE7 /* Foundation.framework in Frameworks */ = {isa = PBXBuildFile; fileRef = 96F3DB391A7BD7F700BE2BE7 /* Foundation.framework */; };
/* End PBXBuildFile section */

/* Begin PBXContainerItemProxy section */
		96F3DB1C1A7BAB7B00BE2BE7 /* PBXContainerItemProxy */ = {
			isa = PBXContainerItemProxy;
			containerPortal = 96F3DAFA1A7BAB7A00BE2BE7 /* Project object */;
			proxyType = 1;
			remoteGlobalIDString = 96F3DB011A7BAB7B00BE2BE7;
			remoteInfo = RemarkableTest;
		};
/* End PBXContainerItemProxy section */

/* Begin PBXCopyFilesBuildPhase section */
		964D6CF01A96C3100062E352 /* CopyFiles */ = {
			isa = PBXCopyFilesBuildPhase;
			buildActionMask = 2147483647;
			dstPath = "";
			dstSubfolderSpec = 10;
			files = (
				964D6CF11A96C32D0062E352 /* RemarkableSDK.framework in CopyFiles */,
			);
			runOnlyForDeploymentPostprocessing = 0;
		};
		96CD40431A7C351C000B1E21 /* Embed Frameworks */ = {
			isa = PBXCopyFilesBuildPhase;
			buildActionMask = 2147483647;
			dstPath = "";
			dstSubfolderSpec = 10;
			files = (
			);
			name = "Embed Frameworks";
			runOnlyForDeploymentPostprocessing = 0;
		};
/* End PBXCopyFilesBuildPhase section */

/* Begin PBXFileReference section */
		964D6CEE1A96BDE70062E352 /* RemarkableSDK.framework */ = {isa = PBXFileReference; lastKnownFileType = wrapper.framework; name = RemarkableSDK.framework; path = lib/RemarkableSDK.framework; sourceTree = "<group>"; };
		96F3DB021A7BAB7B00BE2BE7 /* RemarkableTest.app */ = {isa = PBXFileReference; explicitFileType = wrapper.application; includeInIndex = 0; path = RemarkableTest.app; sourceTree = BUILT_PRODUCTS_DIR; };
		96F3DB061A7BAB7B00BE2BE7 /* Info.plist */ = {isa = PBXFileReference; lastKnownFileType = text.plist.xml; path = Info.plist; sourceTree = "<group>"; };
		96F3DB071A7BAB7B00BE2BE7 /* main.m */ = {isa = PBXFileReference; lastKnownFileType = sourcecode.c.objc; path = main.m; sourceTree = "<group>"; };
		96F3DB091A7BAB7B00BE2BE7 /* AppDelegate.h */ = {isa = PBXFileReference; lastKnownFileType = sourcecode.c.h; path = AppDelegate.h; sourceTree = "<group>"; };
		96F3DB0A1A7BAB7B00BE2BE7 /* AppDelegate.m */ = {isa = PBXFileReference; lastKnownFileType = sourcecode.c.objc; path = AppDelegate.m; sourceTree = "<group>"; };
		96F3DB0C1A7BAB7B00BE2BE7 /* ViewController.h */ = {isa = PBXFileReference; lastKnownFileType = sourcecode.c.h; path = ViewController.h; sourceTree = "<group>"; };
		96F3DB0D1A7BAB7B00BE2BE7 /* ViewController.m */ = {isa = PBXFileReference; lastKnownFileType = sourcecode.c.objc; path = ViewController.m; sourceTree = "<group>"; };
		96F3DB101A7BAB7B00BE2BE7 /* Base */ = {isa = PBXFileReference; lastKnownFileType = file.storyboard; name = Base; path = Base.lproj/Main.storyboard; sourceTree = "<group>"; };
		96F3DB121A7BAB7B00BE2BE7 /* Images.xcassets */ = {isa = PBXFileReference; lastKnownFileType = folder.assetcatalog; path = Images.xcassets; sourceTree = "<group>"; };
		96F3DB151A7BAB7B00BE2BE7 /* Base */ = {isa = PBXFileReference; lastKnownFileType = file.xib; name = Base; path = Base.lproj/LaunchScreen.xib; sourceTree = "<group>"; };
		96F3DB1B1A7BAB7B00BE2BE7 /* RemarkableTestTests.xctest */ = {isa = PBXFileReference; explicitFileType = wrapper.cfbundle; includeInIndex = 0; path = RemarkableTestTests.xctest; sourceTree = BUILT_PRODUCTS_DIR; };
		96F3DB201A7BAB7B00BE2BE7 /* Info.plist */ = {isa = PBXFileReference; lastKnownFileType = text.plist.xml; path = Info.plist; sourceTree = "<group>"; };
		96F3DB211A7BAB7B00BE2BE7 /* RemarkableTestTests.m */ = {isa = PBXFileReference; lastKnownFileType = sourcecode.c.objc; path = RemarkableTestTests.m; sourceTree = "<group>"; };
		96F3DB371A7BD7F200BE2BE7 /* UIKit.framework */ = {isa = PBXFileReference; lastKnownFileType = wrapper.framework; name = UIKit.framework; path = System/Library/Frameworks/UIKit.framework; sourceTree = SDKROOT; };
		96F3DB391A7BD7F700BE2BE7 /* Foundation.framework */ = {isa = PBXFileReference; lastKnownFileType = wrapper.framework; name = Foundation.framework; path = System/Library/Frameworks/Foundation.framework; sourceTree = SDKROOT; };
/* End PBXFileReference section */

/* Begin PBXFrameworksBuildPhase section */
		96F3DAFF1A7BAB7B00BE2BE7 /* Frameworks */ = {
			isa = PBXFrameworksBuildPhase;
			buildActionMask = 2147483647;
			files = (
				964D6CEF1A96BDE70062E352 /* RemarkableSDK.framework in Frameworks */,
				96F3DB3A1A7BD7F700BE2BE7 /* Foundation.framework in Frameworks */,
				96F3DB381A7BD7F200BE2BE7 /* UIKit.framework in Frameworks */,
			);
			runOnlyForDeploymentPostprocessing = 0;
		};
		96F3DB181A7BAB7B00BE2BE7 /* Frameworks */ = {
			isa = PBXFrameworksBuildPhase;
			buildActionMask = 2147483647;
			files = (
			);
			runOnlyForDeploymentPostprocessing = 0;
		};
/* End PBXFrameworksBuildPhase section */

/* Begin PBXGroup section */
		96F3DAF91A7BAB7A00BE2BE7 = {
			isa = PBXGroup;
			children = (
				96F3DB041A7BAB7B00BE2BE7 /* RemarkableTest */,
				96F3DB2D1A7BABDC00BE2BE7 /* Frameworks */,
				96F3DB1E1A7BAB7B00BE2BE7 /* RemarkableTestTests */,
				96F3DB031A7BAB7B00BE2BE7 /* Products */,
			);
			sourceTree = "<group>";
		};
		96F3DB031A7BAB7B00BE2BE7 /* Products */ = {
			isa = PBXGroup;
			children = (
				96F3DB021A7BAB7B00BE2BE7 /* RemarkableTest.app */,
				96F3DB1B1A7BAB7B00BE2BE7 /* RemarkableTestTests.xctest */,
			);
			name = Products;
			sourceTree = "<group>";
		};
		96F3DB041A7BAB7B00BE2BE7 /* RemarkableTest */ = {
			isa = PBXGroup;
			children = (
				96F3DB091A7BAB7B00BE2BE7 /* AppDelegate.h */,
				96F3DB0A1A7BAB7B00BE2BE7 /* AppDelegate.m */,
				96F3DB0C1A7BAB7B00BE2BE7 /* ViewController.h */,
				96F3DB0D1A7BAB7B00BE2BE7 /* ViewController.m */,
				96F3DB0F1A7BAB7B00BE2BE7 /* Main.storyboard */,
				96F3DB121A7BAB7B00BE2BE7 /* Images.xcassets */,
				96F3DB141A7BAB7B00BE2BE7 /* LaunchScreen.xib */,
				96F3DB051A7BAB7B00BE2BE7 /* Supporting Files */,
			);
			path = RemarkableTest;
			sourceTree = "<group>";
		};
		96F3DB051A7BAB7B00BE2BE7 /* Supporting Files */ = {
			isa = PBXGroup;
			children = (
				96F3DB061A7BAB7B00BE2BE7 /* Info.plist */,
				96F3DB071A7BAB7B00BE2BE7 /* main.m */,
			);
			name = "Supporting Files";
			sourceTree = "<group>";
		};
		96F3DB1E1A7BAB7B00BE2BE7 /* RemarkableTestTests */ = {
			isa = PBXGroup;
			children = (
				96F3DB211A7BAB7B00BE2BE7 /* RemarkableTestTests.m */,
				96F3DB1F1A7BAB7B00BE2BE7 /* Supporting Files */,
			);
			path = RemarkableTestTests;
			sourceTree = "<group>";
		};
		96F3DB1F1A7BAB7B00BE2BE7 /* Supporting Files */ = {
			isa = PBXGroup;
			children = (
				96F3DB201A7BAB7B00BE2BE7 /* Info.plist */,
			);
			name = "Supporting Files";
			sourceTree = "<group>";
		};
		96F3DB2D1A7BABDC00BE2BE7 /* Frameworks */ = {
			isa = PBXGroup;
			children = (
				964D6CEE1A96BDE70062E352 /* RemarkableSDK.framework */,
				96F3DB391A7BD7F700BE2BE7 /* Foundation.framework */,
				96F3DB371A7BD7F200BE2BE7 /* UIKit.framework */,
			);
			name = Frameworks;
			sourceTree = "<group>";
		};
/* End PBXGroup section */

/* Begin PBXNativeTarget section */
		96F3DB011A7BAB7B00BE2BE7 /* RemarkableTest */ = {
			isa = PBXNativeTarget;
			buildConfigurationList = 96F3DB251A7BAB7B00BE2BE7 /* Build configuration list for PBXNativeTarget "RemarkableTest" */;
			buildPhases = (
				96F3DAFE1A7BAB7B00BE2BE7 /* Sources */,
				96F3DAFF1A7BAB7B00BE2BE7 /* Frameworks */,
				96F3DB001A7BAB7B00BE2BE7 /* Resources */,
				96CD40431A7C351C000B1E21 /* Embed Frameworks */,
				964D6CF01A96C3100062E352 /* CopyFiles */,
			);
			buildRules = (
			);
			dependencies = (
			);
			name = RemarkableTest;
			productName = RemarkableTest;
			productReference = 96F3DB021A7BAB7B00BE2BE7 /* RemarkableTest.app */;
			productType = "com.apple.product-type.application";
		};
		96F3DB1A1A7BAB7B00BE2BE7 /* RemarkableTestTests */ = {
			isa = PBXNativeTarget;
			buildConfigurationList = 96F3DB281A7BAB7B00BE2BE7 /* Build configuration list for PBXNativeTarget "RemarkableTestTests" */;
			buildPhases = (
				96F3DB171A7BAB7B00BE2BE7 /* Sources */,
				96F3DB181A7BAB7B00BE2BE7 /* Frameworks */,
				96F3DB191A7BAB7B00BE2BE7 /* Resources */,
			);
			buildRules = (
			);
			dependencies = (
				96F3DB1D1A7BAB7B00BE2BE7 /* PBXTargetDependency */,
			);
			name = RemarkableTestTests;
			productName = RemarkableTestTests;
			productReference = 96F3DB1B1A7BAB7B00BE2BE7 /* RemarkableTestTests.xctest */;
			productType = "com.apple.product-type.bundle.unit-test";
		};
/* End PBXNativeTarget section */

/* Begin PBXProject section */
		96F3DAFA1A7BAB7A00BE2BE7 /* Project object */ = {
			isa = PBXProject;
			attributes = {
				LastUpgradeCheck = 0600;
				ORGANIZATIONNAME = Entropy;
				TargetAttributes = {
					96F3DB011A7BAB7B00BE2BE7 = {
						CreatedOnToolsVersion = 6.0.1;
						DevelopmentTeam = PQ873CNW8A;
					};
					96F3DB1A1A7BAB7B00BE2BE7 = {
						CreatedOnToolsVersion = 6.0.1;
						TestTargetID = 96F3DB011A7BAB7B00BE2BE7;
					};
				};
			};
			buildConfigurationList = 96F3DAFD1A7BAB7A00BE2BE7 /* Build configuration list for PBXProject "RemarkableTest" */;
			compatibilityVersion = "Xcode 3.2";
			developmentRegion = English;
			hasScannedForEncodings = 0;
			knownRegions = (
				en,
				Base,
			);
			mainGroup = 96F3DAF91A7BAB7A00BE2BE7;
			productRefGroup = 96F3DB031A7BAB7B00BE2BE7 /* Products */;
			projectDirPath = "";
			projectRoot = "";
			targets = (
				96F3DB011A7BAB7B00BE2BE7 /* RemarkableTest */,
				96F3DB1A1A7BAB7B00BE2BE7 /* RemarkableTestTests */,
			);
		};
/* End PBXProject section */

/* Begin PBXResourcesBuildPhase section */
		96F3DB001A7BAB7B00BE2BE7 /* Resources */ = {
			isa = PBXResourcesBuildPhase;
			buildActionMask = 2147483647;
			files = (
				96F3DB111A7BAB7B00BE2BE7 /* Main.storyboard in Resources */,
				96F3DB161A7BAB7B00BE2BE7 /* LaunchScreen.xib in Resources */,
				96F3DB131A7BAB7B00BE2BE7 /* Images.xcassets in Resources */,
			);
			runOnlyForDeploymentPostprocessing = 0;
		};
		96F3DB191A7BAB7B00BE2BE7 /* Resources */ = {
			isa = PBXResourcesBuildPhase;
			buildActionMask = 2147483647;
			files = (
			);
			runOnlyForDeploymentPostprocessing = 0;
		};
/* End PBXResourcesBuildPhase section */

/* Begin PBXSourcesBuildPhase section */
		96F3DAFE1A7BAB7B00BE2BE7 /* Sources */ = {
			isa = PBXSourcesBuildPhase;
			buildActionMask = 2147483647;
			files = (
				96F3DB0E1A7BAB7B00BE2BE7 /* ViewController.m in Sources */,
				96F3DB0B1A7BAB7B00BE2BE7 /* AppDelegate.m in Sources */,
				96F3DB081A7BAB7B00BE2BE7 /* main.m in Sources */,
			);
			runOnlyForDeploymentPostprocessing = 0;
		};
		96F3DB171A7BAB7B00BE2BE7 /* Sources */ = {
			isa = PBXSourcesBuildPhase;
			buildActionMask = 2147483647;
			files = (
				96F3DB221A7BAB7B00BE2BE7 /* RemarkableTestTests.m in Sources */,
			);
			runOnlyForDeploymentPostprocessing = 0;
		};
/* End PBXSourcesBuildPhase section */

/* Begin PBXTargetDependency section */
		96F3DB1D1A7BAB7B00BE2BE7 /* PBXTargetDependency */ = {
			isa = PBXTargetDependency;
			target = 96F3DB011A7BAB7B00BE2BE7 /* RemarkableTest */;
			targetProxy = 96F3DB1C1A7BAB7B00BE2BE7 /* PBXContainerItemProxy */;
		};
/* End PBXTargetDependency section */

/* Begin PBXVariantGroup section */
		96F3DB0F1A7BAB7B00BE2BE7 /* Main.storyboard */ = {
			isa = PBXVariantGroup;
			children = (
				96F3DB101A7BAB7B00BE2BE7 /* Base */,
			);
			name = Main.storyboard;
			sourceTree = "<group>";
		};
		96F3DB141A7BAB7B00BE2BE7 /* LaunchScreen.xib */ = {
			isa = PBXVariantGroup;
			children = (
				96F3DB151A7BAB7B00BE2BE7 /* Base */,
			);
			name = LaunchScreen.xib;
			sourceTree = "<group>";
		};
/* End PBXVariantGroup section */

/* Begin XCBuildConfiguration section */
		96F3DB231A7BAB7B00BE2BE7 /* Debug */ = {
			isa = XCBuildConfiguration;
			buildSettings = {
				ALWAYS_SEARCH_USER_PATHS = NO;
				CLANG_CXX_LANGUAGE_STANDARD = "gnu++0x";
				CLANG_CXX_LIBRARY = "libc++";
				CLANG_ENABLE_MODULES = YES;
				CLANG_ENABLE_OBJC_ARC = YES;
				CLANG_WARN_BOOL_CONVERSION = YES;
				CLANG_WARN_CONSTANT_CONVERSION = YES;
				CLANG_WARN_DIRECT_OBJC_ISA_USAGE = YES_ERROR;
				CLANG_WARN_EMPTY_BODY = YES;
				CLANG_WARN_ENUM_CONVERSION = YES;
				CLANG_WARN_INT_CONVERSION = YES;
				CLANG_WARN_OBJC_ROOT_CLASS = YES_ERROR;
				CLANG_WARN_UNREACHABLE_CODE = YES;
				CLANG_WARN__DUPLICATE_METHOD_MATCH = YES;
				"CODE_SIGN_IDENTITY[sdk=iphoneos*]" = "iPhone Developer";
				COPY_PHASE_STRIP = NO;
				ENABLE_STRICT_OBJC_MSGSEND = YES;
				GCC_C_LANGUAGE_STANDARD = gnu99;
				GCC_DYNAMIC_NO_PIC = NO;
				GCC_OPTIMIZATION_LEVEL = 0;
				GCC_PREPROCESSOR_DEFINITIONS = (
					"DEBUG=1",
					"$(inherited)",
				);
				GCC_SYMBOLS_PRIVATE_EXTERN = NO;
				GCC_WARN_64_TO_32_BIT_CONVERSION = YES;
				GCC_WARN_ABOUT_RETURN_TYPE = YES_ERROR;
				GCC_WARN_UNDECLARED_SELECTOR = YES;
				GCC_WARN_UNINITIALIZED_AUTOS = YES_AGGRESSIVE;
				GCC_WARN_UNUSED_FUNCTION = YES;
				GCC_WARN_UNUSED_VARIABLE = YES;
				IPHONEOS_DEPLOYMENT_TARGET = 8.0;
				MTL_ENABLE_DEBUG_INFO = YES;
				ONLY_ACTIVE_ARCH = YES;
				SDKROOT = iphoneos;
				TARGETED_DEVICE_FAMILY = "1,2";
			};
			name = Debug;
		};
		96F3DB241A7BAB7B00BE2BE7 /* Release */ = {
			isa = XCBuildConfiguration;
			buildSettings = {
				ALWAYS_SEARCH_USER_PATHS = NO;
				CLANG_CXX_LANGUAGE_STANDARD = "gnu++0x";
				CLANG_CXX_LIBRARY = "libc++";
				CLANG_ENABLE_MODULES = YES;
				CLANG_ENABLE_OBJC_ARC = YES;
				CLANG_WARN_BOOL_CONVERSION = YES;
				CLANG_WARN_CONSTANT_CONVERSION = YES;
				CLANG_WARN_DIRECT_OBJC_ISA_USAGE = YES_ERROR;
				CLANG_WARN_EMPTY_BODY = YES;
				CLANG_WARN_ENUM_CONVERSION = YES;
				CLANG_WARN_INT_CONVERSION = YES;
				CLANG_WARN_OBJC_ROOT_CLASS = YES_ERROR;
				CLANG_WARN_UNREACHABLE_CODE = YES;
				CLANG_WARN__DUPLICATE_METHOD_MATCH = YES;
				"CODE_SIGN_IDENTITY[sdk=iphoneos*]" = "iPhone Developer";
				COPY_PHASE_STRIP = YES;
				ENABLE_NS_ASSERTIONS = NO;
				ENABLE_STRICT_OBJC_MSGSEND = YES;
				GCC_C_LANGUAGE_STANDARD = gnu99;
				GCC_WARN_64_TO_32_BIT_CONVERSION = YES;
				GCC_WARN_ABOUT_RETURN_TYPE = YES_ERROR;
				GCC_WARN_UNDECLARED_SELECTOR = YES;
				GCC_WARN_UNINITIALIZED_AUTOS = YES_AGGRESSIVE;
				GCC_WARN_UNUSED_FUNCTION = YES;
				GCC_WARN_UNUSED_VARIABLE = YES;
				IPHONEOS_DEPLOYMENT_TARGET = 8.0;
				MTL_ENABLE_DEBUG_INFO = NO;
				SDKROOT = iphoneos;
				TARGETED_DEVICE_FAMILY = "1,2";
				VALIDATE_PRODUCT = YES;
			};
			name = Release;
		};
		96F3DB261A7BAB7B00BE2BE7 /* Debug */ = {
			isa = XCBuildConfiguration;
			buildSettings = {
				ASSETCATALOG_COMPILER_APPICON_NAME = AppIcon;
				CODE_SIGN_IDENTITY = "iPhone Distribution: Entropy Labs Limited (PQ873CNW8A)";
				FRAMEWORK_SEARCH_PATHS = (
					"$(inherited)",
					"$(PROJECT_DIR)/RemarkableTest",
					"$(PROJECT_DIR)",
					"$(SRCROOT)/**",
					"$(PROJECT_DIR)/lib/**",
					"$(PROJECT_DIR)/lib",
				);
				HEADER_SEARCH_PATHS = (
					"$(inherited)",
					/Applications/Xcode.app/Contents/Developer/Toolchains/XcodeDefault.xctoolchain/usr/include,
					"$(PROJECT_DIR)/lib/RemarkableSDK.framework/include",
				);
				INFOPLIST_FILE = RemarkableTest/Info.plist;
				LD_RUNPATH_SEARCH_PATHS = "$(inherited) @executable_path/Frameworks";
				ONLY_ACTIVE_ARCH = NO;
				OTHER_LDFLAGS = "-ObjC";
				PRODUCT_NAME = "$(TARGET_NAME)";
				PROVISIONING_PROFILE = "a939600b-173a-4c4b-8672-8f2ae5fb40b2";
				USER_HEADER_SEARCH_PATHS = "$(PROJECT_DIR)/lib/**";
				VALID_ARCHS = "arm64 armv7 armv7s";
			};
			name = Debug;
		};
		96F3DB271A7BAB7B00BE2BE7 /* Release */ = {
			isa = XCBuildConfiguration;
			buildSettings = {
				ASSETCATALOG_COMPILER_APPICON_NAME = AppIcon;
				CODE_SIGN_IDENTITY = "iPhone Distribution: Entropy Labs Limited (PQ873CNW8A)";
				FRAMEWORK_SEARCH_PATHS = (
					"$(inherited)",
					"$(PROJECT_DIR)/RemarkableTest",
					"$(PROJECT_DIR)",
					"$(SRCROOT)/**",
					"$(PROJECT_DIR)/lib/**",
					"$(PROJECT_DIR)/lib",
				);
				HEADER_SEARCH_PATHS = (
					"$(inherited)",
					/Applications/Xcode.app/Contents/Developer/Toolchains/XcodeDefault.xctoolchain/usr/include,
					"$(PROJECT_DIR)/lib/RemarkableSDK.framework/include",
				);
				INFOPLIST_FILE = RemarkableTest/Info.plist;
				LD_RUNPATH_SEARCH_PATHS = "$(inherited) @executable_path/Frameworks";
				OTHER_LDFLAGS = "-ObjC";
				PRODUCT_NAME = "$(TARGET_NAME)";
				PROVISIONING_PROFILE = "a939600b-173a-4c4b-8672-8f2ae5fb40b2";
				USER_HEADER_SEARCH_PATHS = "$(PROJECT_DIR)/lib/**";
				VALID_ARCHS = "arm64 armv7 armv7s";
			};
			name = Release;
		};
		96F3DB291A7BAB7B00BE2BE7 /* Debug */ = {
			isa = XCBuildConfiguration;
			buildSettings = {
				BUNDLE_LOADER = "$(TEST_HOST)";
				FRAMEWORK_SEARCH_PATHS = (
					"$(SDKROOT)/Developer/Library/Frameworks",
					"$(inherited)",
				);
				GCC_PREPROCESSOR_DEFINITIONS = (
					"DEBUG=1",
					"$(inherited)",
				);
				INFOPLIST_FILE = RemarkableTestTests/Info.plist;
				LD_RUNPATH_SEARCH_PATHS = "$(inherited) @executable_path/Frameworks @loader_path/Frameworks";
				PRODUCT_NAME = "$(TARGET_NAME)";
				TEST_HOST = "$(BUILT_PRODUCTS_DIR)/RemarkableTest.app/RemarkableTest";
			};
			name = Debug;
		};
		96F3DB2A1A7BAB7B00BE2BE7 /* Release */ = {
			isa = XCBuildConfiguration;
			buildSettings = {
				BUNDLE_LOADER = "$(TEST_HOST)";
				FRAMEWORK_SEARCH_PATHS = (
					"$(SDKROOT)/Developer/Library/Frameworks",
					"$(inherited)",
				);
				INFOPLIST_FILE = RemarkableTestTests/Info.plist;
				LD_RUNPATH_SEARCH_PATHS = "$(inherited) @executable_path/Frameworks @loader_path/Frameworks";
				PRODUCT_NAME = "$(TARGET_NAME)";
				TEST_HOST = "$(BUILT_PRODUCTS_DIR)/RemarkableTest.app/RemarkableTest";
			};
			name = Release;
		};
/* End XCBuildConfiguration section */

/* Begin XCConfigurationList section */
		96F3DAFD1A7BAB7A00BE2BE7 /* Build configuration list for PBXProject "RemarkableTest" */ = {
			isa = XCConfigurationList;
			buildConfigurations = (
				96F3DB231A7BAB7B00BE2BE7 /* Debug */,
				96F3DB241A7BAB7B00BE2BE7 /* Release */,
			);
			defaultConfigurationIsVisible = 0;
			defaultConfigurationName = Release;
		};
		96F3DB251A7BAB7B00BE2BE7 /* Build configuration list for PBXNativeTarget "RemarkableTest" */ = {
			isa = XCConfigurationList;
			buildConfigurations = (
				96F3DB261A7BAB7B00BE2BE7 /* Debug */,
				96F3DB271A7BAB7B00BE2BE7 /* Release */,
			);
			defaultConfigurationIsVisible = 0;
			defaultConfigurationName = Release;
		};
		96F3DB281A7BAB7B00BE2BE7 /* Build configuration list for PBXNativeTarget "RemarkableTestTests" */ = {
			isa = XCConfigurationList;
			buildConfigurations = (
				96F3DB291A7BAB7B00BE2BE7 /* Debug */,
				96F3DB2A1A7BAB7B00BE2BE7 /* Release */,
			);
			defaultConfigurationIsVisible = 0;
			defaultConfigurationName = Release;
		};
/* End XCConfigurationList section */
	};
	rootObject = 96F3DAFA1A7BAB7A00BE2BE7 /* Project object */;
}
